
Microsoft Visual Studio Solution File, Format Version 12.00
# Visual Studio Version 17
VisualStudioVersion = 17.5.33424.131
MinimumVisualStudioVersion = 10.0.40219.1
Project("{FAE04EC0-301F-11D3-BF4B-00C04F79EFBC}") = "CalculadoraGaelChin_23AM", "CalculadoraGaelChin_23AM\CalculadoraGaelChin_23AM.csproj", "{57222F94-DC2D-4790-83C8-29B3A071850A}"
EndProject
Global
	GlobalSection(SolutionConfigurationPlatforms) = preSolution
		Debug|Any CPU = Debug|Any CPU
		Release|Any CPU = Release|Any CPU
	EndGlobalSection
	GlobalSection(ProjectConfigurationPlatforms) = postSolution
		{57222F94-DC2D-4790-83C8-29B3A071850A}.Debug|Any CPU.ActiveCfg = Debug|Any CPU
		{57222F94-DC2D-4790-83C8-29B3A071850A}.Debug|Any CPU.Build.0 = Debug|Any CPU
		{57222F94-DC2D-4790-83C8-29B3A071850A}.Release|Any CPU.ActiveCfg = Release|Any CPU
		{57222F94-DC2D-4790-83C8-29B3A071850A}.Release|Any CPU.Build.0 = Release|Any CPU
	EndGlobalSection
	GlobalSection(SolutionProperties) = preSolution
		HideSolutionNode = FALSE
	EndGlobalSection
	GlobalSection(ExtensibilityGlobals) = postSolution
		SolutionGuid = {E1F02375-E4DF-49E1-BF77-11206768944E}
	EndGlobalSection
EndGlobal
